// !$*UTF8*$!
{
	archiveVersion = 1;
	classes = {
	};
	objectVersion = 56;
	objects = {

/* Begin PBXBuildFile section */
		CD29D7182F0004BD004D22E2 /* GoldenRatioPyramidView.swift in Sources */ = {isa = PBXBuildFile; fileRef = CD29D7152F0004BD004D22E2 /* GoldenRatioPyramidView.swift */; };
		CD29D7192F0004BD004D22E2 /* NubianPyramidView.swift in Sources */ = {isa = PBXBuildFile; fileRef = CD29D7162F0004BD004D22E2 /* NubianPyramidView.swift */; };
		CD29D71A2F0004BD004D22E2 /* PyramidCalculator.swift in Sources */ = {isa = PBXBuildFile; fileRef = CD29D7172F0004BD004D22E2 /* PyramidCalculator.swift */; };
		CD29D71B2F0004BD004D22E2 /* EgyptianPyramidView.swift in Sources */ = {isa = PBXBuildFile; fileRef = CD29D7142F0004BD004D22E2 /* EgyptianPyramidView.swift */; };
		CD29D7202F0004F4004D22E2 /* GoldenRatioViewModel.swift in Sources */ = {isa = PBXBuildFile; fileRef = CD29D71D2F0004F4004D22E2 /* GoldenRatioViewModel.swift */; };
		CD29D7212F0004F4004D22E2 /* NubianViewModel.swift in Sources */ = {isa = PBXBuildFile; fileRef = CD29D71E2F0004F4004D22E2 /* NubianViewModel.swift */; };
		CD29D7222F0004F4004D22E2 /* EgyptianViewModel.swift in Sources */ = {isa = PBXBuildFile; fileRef = CD29D71C2F0004F4004D22E2 /* EgyptianViewModel.swift */; };
		CD29D7272F0011F1004D22E2 /* KeyboardDismissModifier.swift in Sources */ = {isa = PBXBuildFile; fileRef = CD29D7252F0011F1004D22E2 /* KeyboardDismissModifier.swift */; };
		CD29D72A2F0011FD004D22E2 /* PyramidResultRow.swift in Sources */ = {isa = PBXBuildFile; fileRef = CD29D7282F0011FD004D22E2 /* PyramidResultRow.swift */; };
		CDC965EC2923438C00E959C0 /* PUBLICGIRLApp.swift in Sources */ = {isa = PBXBuildFile; fileRef = CDC965EB2923438C00E959C0 /* PUBLICGIRLApp.swift */; };
		CDC965EE2923438C00E959C0 /* LaunchView.swift in Sources */ = {isa = PBXBuildFile; fileRef = CDC965ED2923438C00E959C0 /* LaunchView.swift */; };
		CDC965F02923438E00E959C0 /* Assets.xcassets in Resources */ = {isa = PBXBuildFile; fileRef = CDC965EF2923438E00E959C0 /* Assets.xcassets */; };
		CDC965F42923438E00E959C0 /* Preview Assets.xcassets in Resources */ = {isa = PBXBuildFile; fileRef = CDC965F32923438E00E959C0 /* Preview Assets.xcassets */; };
/* End PBXBuildFile section */

/* Begin PBXFileReference section */
		CD29D7142F0004BD004D22E2 /* EgyptianPyramidView.swift */ = {isa = PBXFileReference; lastKnownFileType = sourcecode.swift; path = EgyptianPyramidView.swift; sourceTree = "<group>"; };
		CD29D7152F0004BD004D22E2 /* GoldenRatioPyramidView.swift */ = {isa = PBXFileReference; lastKnownFileType = sourcecode.swift; path = GoldenRatioPyramidView.swift; sourceTree = "<group>"; };
		CD29D7162F0004BD004D22E2 /* NubianPyramidView.swift */ = {isa = PBXFileReference; lastKnownFileType = sourcecode.swift; path = NubianPyramidView.swift; sourceTree = "<group>"; };
		CD29D7172F0004BD004D22E2 /* PyramidCalculator.swift */ = {isa = PBXFileReference; lastKnownFileType = sourcecode.swift; path = PyramidCalculator.swift; sourceTree = "<group>"; };
		CD29D71C2F0004F4004D22E2 /* EgyptianViewModel.swift */ = {isa = PBXFileReference; lastKnownFileType = sourcecode.swift; path = EgyptianViewModel.swift; sourceTree = "<group>"; };
		CD29D71D2F0004F4004D22E2 /* GoldenRatioViewModel.swift */ = {isa = PBXFileReference; lastKnownFileType = sourcecode.swift; path = GoldenRatioViewModel.swift; sourceTree = "<group>"; };
		CD29D71E2F0004F4004D22E2 /* NubianViewModel.swift */ = {isa = PBXFileReference; lastKnownFileType = sourcecode.swift; path = NubianViewModel.swift; sourceTree = "<group>"; };
		CD29D7252F0011F1004D22E2 /* KeyboardDismissModifier.swift */ = {isa = PBXFileReference; lastKnownFileType = sourcecode.swift; path = KeyboardDismissModifier.swift; sourceTree = "<group>"; };
		CD29D7282F0011FD004D22E2 /* PyramidResultRow.swift */ = {isa = PBXFileReference; lastKnownFileType = sourcecode.swift; path = PyramidResultRow.swift; sourceTree = "<group>"; };
		CDC965E82923438C00E959C0 /* PUBLICGIRL.app */ = {isa = PBXFileReference; explicitFileType = wrapper.application; includeInIndex = 0; path = PUBLICGIRL.app; sourceTree = BUILT_PRODUCTS_DIR; };
		CDC965EB2923438C00E959C0 /* PUBLICGIRLApp.swift */ = {isa = PBXFileReference; lastKnownFileType = sourcecode.swift; path = PUBLICGIRLApp.swift; sourceTree = "<group>"; };
		CDC965ED2923438C00E959C0 /* LaunchView.swift */ = {isa = PBXFileReference; lastKnownFileType = sourcecode.swift; path = LaunchView.swift; sourceTree = "<group>"; };
		CDC965EF2923438E00E959C0 /* Assets.xcassets */ = {isa = PBXFileReference; lastKnownFileType = folder.assetcatalog; path = Assets.xcassets; sourceTree = "<group>"; };
		CDC965F12923438E00E959C0 /* PUBLICGIRL.entitlements */ = {isa = PBXFileReference; lastKnownFileType = text.plist.entitlements; path = PUBLICGIRL.entitlements; sourceTree = "<group>"; };
		CDC965F32923438E00E959C0 /* Preview Assets.xcassets */ = {isa = PBXFileReference; lastKnownFileType = folder.assetcatalog; path = "Preview Assets.xcassets"; sourceTree = "<group>"; };
/* End PBXFileReference section */

/* Begin PBXFrameworksBuildPhase section */
		CDC965E52923438C00E959C0 /* Frameworks */ = {
			isa = PBXFrameworksBuildPhase;
			buildActionMask = 2147483647;
			files = (
			);
			runOnlyForDeploymentPostprocessing = 0;
		};
/* End PBXFrameworksBuildPhase section */

/* Begin PBXGroup section */
		CD29D71F2F0004F4004D22E2 /* ViewModels */ = {
			isa = PBXGroup;
			children = (
				CD29D71C2F0004F4004D22E2 /* EgyptianViewModel.swift */,
				CD29D71D2F0004F4004D22E2 /* GoldenRatioViewModel.swift */,
				CD29D71E2F0004F4004D22E2 /* NubianViewModel.swift */,
			);
			path = ViewModels;
			sourceTree = "<group>";
		};
		CD29D7262F0011F1004D22E2 /* Modifiers */ = {
			isa = PBXGroup;
			children = (
				CD29D7252F0011F1004D22E2 /* KeyboardDismissModifier.swift */,
			);
			path = Modifiers;
			sourceTree = "<group>";
		};
		CD29D7292F0011FD004D22E2 /* Components */ = {
			isa = PBXGroup;
			children = (
				CD29D7282F0011FD004D22E2 /* PyramidResultRow.swift */,
			);
			path = Components;
			sourceTree = "<group>";
		};
		CD29D72B2F00125B004D22E2 /* Views */ = {
			isa = PBXGroup;
			children = (
				CD29D7142F0004BD004D22E2 /* EgyptianPyramidView.swift */,
				CD29D7152F0004BD004D22E2 /* GoldenRatioPyramidView.swift */,
				CD29D7162F0004BD004D22E2 /* NubianPyramidView.swift */,
				CDC965ED2923438C00E959C0 /* LaunchView.swift */,
			);
			path = Views;
			sourceTree = "<group>";
		};
		CDC965DF2923438C00E959C0 = {
			isa = PBXGroup;
			children = (
				CDC965EA2923438C00E959C0 /* PUBLICGIRL */,
				CDC965E92923438C00E959C0 /* Products */,
			);
			sourceTree = "<group>";
		};
		CDC965E92923438C00E959C0 /* Products */ = {
			isa = PBXGroup;
			children = (
				CDC965E82923438C00E959C0 /* PUBLICGIRL.app */,
			);
			name = Products;
			sourceTree = "<group>";
		};
		CDC965EA2923438C00E959C0 /* PUBLICGIRL */ = {
			isa = PBXGroup;
			children = (
				CD29D7292F0011FD004D22E2 /* Components */,
				CD29D7262F0011F1004D22E2 /* Modifiers */,
				CD29D71F2F0004F4004D22E2 /* ViewModels */,
				CD29D72B2F00125B004D22E2 /* Views */,
				CD29D7172F0004BD004D22E2 /* PyramidCalculator.swift */,
				CDC965EB2923438C00E959C0 /* PUBLICGIRLApp.swift */,
				CDC965EF2923438E00E959C0 /* Assets.xcassets */,
				CDC965F12923438E00E959C0 /* PUBLICGIRL.entitlements */,
				CDC965F22923438E00E959C0 /* Preview Content */,
			);
			path = PUBLICGIRL;
			sourceTree = "<group>";
		};
		CDC965F22923438E00E959C0 /* Preview Content */ = {
			isa = PBXGroup;
			children = (
				CDC965F32923438E00E959C0 /* Preview Assets.xcassets */,
			);
			path = "Preview Content";
			sourceTree = "<group>";
		};
/* End PBXGroup section */

/* Begin PBXNativeTarget section */
		CDC965E72923438C00E959C0 /* PUBLICGIRL */ = {
			isa = PBXNativeTarget;
			buildConfigurationList = CDC965F72923438E00E959C0 /* Build configuration list for PBXNativeTarget "PUBLICGIRL" */;
			buildPhases = (
				CDC965E42923438C00E959C0 /* Sources */,
				CDC965E52923438C00E959C0 /* Frameworks */,
				CDC965E62923438C00E959C0 /* Resources */,
			);
			buildRules = (
			);
			dependencies = (
			);
			name = PUBLICGIRL;
			productName = PUBLICGIRL;
			productReference = CDC965E82923438C00E959C0 /* PUBLICGIRL.app */;
			productType = "com.apple.product-type.application";
		};
/* End PBXNativeTarget section */

/* Begin PBXProject section */
		CDC965E02923438C00E959C0 /* Project object */ = {
			isa = PBXProject;
			attributes = {
				BuildIndependentTargetsInParallel = 1;
				LastSwiftUpdateCheck = 1410;
				LastUpgradeCheck = 1500;
				TargetAttributes = {
					CDC965E72923438C00E959C0 = {
						CreatedOnToolsVersion = 14.1;
					};
				};
			};
			buildConfigurationList = CDC965E32923438C00E959C0 /* Build configuration list for PBXProject "PUBLICGIRL" */;
			compatibilityVersion = "Xcode 14.0";
			developmentRegion = en;
			hasScannedForEncodings = 0;
			knownRegions = (
				en,
				Base,
			);
			mainGroup = CDC965DF2923438C00E959C0;
			productRefGroup = CDC965E92923438C00E959C0 /* Products */;
			projectDirPath = "";
			projectRoot = "";
			targets = (
				CDC965E72923438C00E959C0 /* PUBLICGIRL */,
			);
		};
/* End PBXProject section */

/* Begin PBXResourcesBuildPhase section */
		CDC965E62923438C00E959C0 /* Resources */ = {
			isa = PBXResourcesBuildPhase;
			buildActionMask = 2147483647;
			files = (
				CDC965F42923438E00E959C0 /* Preview Assets.xcassets in Resources */,
				CDC965F02923438E00E959C0 /* Assets.xcassets in Resources */,
			);
			runOnlyForDeploymentPostprocessing = 0;
		};
/* End PBXResourcesBuildPhase section */

/* Begin PBXSourcesBuildPhase section */
		CDC965E42923438C00E959C0 /* Sources */ = {
			isa = PBXSourcesBuildPhase;
			buildActionMask = 2147483647;
			files = (
				CDC965EE2923438C00E959C0 /* LaunchView.swift in Sources */,
				CD29D7272F0011F1004D22E2 /* KeyboardDismissModifier.swift in Sources */,
				CD29D7182F0004BD004D22E2 /* GoldenRatioPyramidView.swift in Sources */,
				CD29D7192F0004BD004D22E2 /* NubianPyramidView.swift in Sources */,
				CD29D71A2F0004BD004D22E2 /* PyramidCalculator.swift in Sources */,
				CD29D71B2F0004BD004D22E2 /* EgyptianPyramidView.swift in Sources */,
				CDC965EC2923438C00E959C0 /* PUBLICGIRLApp.swift in Sources */,
				CD29D7202F0004F4004D22E2 /* GoldenRatioViewModel.swift in Sources */,
				CD29D7212F0004F4004D22E2 /* NubianViewModel.swift in Sources */,
				CD29D72A2F0011FD004D22E2 /* PyramidResultRow.swift in Sources */,
				CD29D7222F0004F4004D22E2 /* EgyptianViewModel.swift in Sources */,
			);
			runOnlyForDeploymentPostprocessing = 0;
		};
/* End PBXSourcesBuildPhase section */

/* Begin XCBuildConfiguration section */
		CDC965F52923438E00E959C0 /* Debug */ = {
			isa = XCBuildConfiguration;
			buildSettings = {
				ALWAYS_SEARCH_USER_PATHS = NO;
				CLANG_ANALYZER_NONNULL = YES;
				CLANG_ANALYZER_NUMBER_OBJECT_CONVERSION = YES_AGGRESSIVE;
				CLANG_CXX_LANGUAGE_STANDARD = "gnu++20";
				CLANG_ENABLE_MODULES = YES;
				CLANG_ENABLE_OBJC_ARC = YES;
				CLANG_ENABLE_OBJC_WEAK = YES;
				CLANG_WARN_BLOCK_CAPTURE_AUTORELEASING = YES;
				CLANG_WARN_BOOL_CONVERSION = YES;
				CLANG_WARN_COMMA = YES;
				CLANG_WARN_CONSTANT_CONVERSION = YES;
				CLANG_WARN_DEPRECATED_OBJC_IMPLEMENTATIONS = YES;
				CLANG_WARN_DIRECT_OBJC_ISA_USAGE = YES_ERROR;
				CLANG_WARN_DOCUMENTATION_COMMENTS = YES;
				CLANG_WARN_EMPTY_BODY = YES;
				CLANG_WARN_ENUM_CONVERSION = YES;
				CLANG_WARN_INFINITE_RECURSION = YES;
				CLANG_WARN_INT_CONVERSION = YES;
				CLANG_WARN_NON_LITERAL_NULL_CONVERSION = YES;
				CLANG_WARN_OBJC_IMPLICIT_RETAIN_SELF = YES;
				CLANG_WARN_OBJC_LITERAL_CONVERSION = YES;
				CLANG_WARN_OBJC_ROOT_CLASS = YES_ERROR;
				CLANG_WARN_QUOTED_INCLUDE_IN_FRAMEWORK_HEADER = YES;
				CLANG_WARN_RANGE_LOOP_ANALYSIS = YES;
				CLANG_WARN_STRICT_PROTOTYPES = YES;
				CLANG_WARN_SUSPICIOUS_MOVE = YES;
				CLANG_WARN_UNGUARDED_AVAILABILITY = YES_AGGRESSIVE;
				CLANG_WARN_UNREACHABLE_CODE = YES;
				CLANG_WARN__DUPLICATE_METHOD_MATCH = YES;
				COPY_PHASE_STRIP = NO;
				DEAD_CODE_STRIPPING = YES;
				DEBUG_INFORMATION_FORMAT = dwarf;
				ENABLE_STRICT_OBJC_MSGSEND = YES;
				ENABLE_TESTABILITY = YES;
				ENABLE_USER_SCRIPT_SANDBOXING = YES;
				GCC_C_LANGUAGE_STANDARD = gnu11;
				GCC_DYNAMIC_NO_PIC = NO;
				GCC_NO_COMMON_BLOCKS = YES;
				GCC_OPTIMIZATION_LEVEL = 0;
				GCC_PREPROCESSOR_DEFINITIONS = (
					"DEBUG=1",
					"$(inherited)",
				);
				GCC_WARN_64_TO_32_BIT_CONVERSION = YES;
				GCC_WARN_ABOUT_RETURN_TYPE = YES_ERROR;
				GCC_WARN_UNDECLARED_SELECTOR = YES;
				GCC_WARN_UNINITIALIZED_AUTOS = YES_AGGRESSIVE;
				GCC_WARN_UNUSED_FUNCTION = YES;
				GCC_WARN_UNUSED_VARIABLE = YES;
				MTL_ENABLE_DEBUG_INFO = INCLUDE_SOURCE;
				MTL_FAST_MATH = YES;
				ONLY_ACTIVE_ARCH = YES;
				SWIFT_ACTIVE_COMPILATION_CONDITIONS = DEBUG;
				SWIFT_OPTIMIZATION_LEVEL = "-Onone";
			};
			name = Debug;
		};
		CDC965F62923438E00E959C0 /* Release */ = {
			isa = XCBuildConfiguration;
			buildSettings = {
				ALWAYS_SEARCH_USER_PATHS = NO;
				CLANG_ANALYZER_NONNULL = YES;
				CLANG_ANALYZER_NUMBER_OBJECT_CONVERSION = YES_AGGRESSIVE;
				CLANG_CXX_LANGUAGE_STANDARD = "gnu++20";
				CLANG_ENABLE_MODULES = YES;
				CLANG_ENABLE_OBJC_ARC = YES;
				CLANG_ENABLE_OBJC_WEAK = YES;
				CLANG_WARN_BLOCK_CAPTURE_AUTORELEASING = YES;
				CLANG_WARN_BOOL_CONVERSION = YES;
				CLANG_WARN_COMMA = YES;
				CLANG_WARN_CONSTANT_CONVERSION = YES;
				CLANG_WARN_DEPRECATED_OBJC_IMPLEMENTATIONS = YES;
				CLANG_WARN_DIRECT_OBJC_ISA_USAGE = YES_ERROR;
				CLANG_WARN_DOCUMENTATION_COMMENTS = YES;
				CLANG_WARN_EMPTY_BODY = YES;
				CLANG_WARN_ENUM_CONVERSION = YES;
				CLANG_WARN_INFINITE_RECURSION = YES;
				CLANG_WARN_INT_CONVERSION = YES;
				CLANG_WARN_NON_LITERAL_NULL_CONVERSION = YES;
				CLANG_WARN_OBJC_IMPLICIT_RETAIN_SELF = YES;
				CLANG_WARN_OBJC_LITERAL_CONVERSION = YES;
				CLANG_WARN_OBJC_ROOT_CLASS = YES_ERROR;
				CLANG_WARN_QUOTED_INCLUDE_IN_FRAMEWORK_HEADER = YES;
				CLANG_WARN_RANGE_LOOP_ANALYSIS = YES;
				CLANG_WARN_STRICT_PROTOTYPES = YES;
				CLANG_WARN_SUSPICIOUS_MOVE = YES;
				CLANG_WARN_UNGUARDED_AVAILABILITY = YES_AGGRESSIVE;
				CLANG_WARN_UNREACHABLE_CODE = YES;
				CLANG_WARN__DUPLICATE_METHOD_MATCH = YES;
				COPY_PHASE_STRIP = NO;
				DEAD_CODE_STRIPPING = YES;
				DEBUG_INFORMATION_FORMAT = "dwarf-with-dsym";
				ENABLE_NS_ASSERTIONS = NO;
				ENABLE_STRICT_OBJC_MSGSEND = YES;
				ENABLE_USER_SCRIPT_SANDBOXING = YES;
				GCC_C_LANGUAGE_STANDARD = gnu11;
				GCC_NO_COMMON_BLOCKS = YES;
				GCC_WARN_64_TO_32_BIT_CONVERSION = YES;
				GCC_WARN_ABOUT_RETURN_TYPE = YES_ERROR;
				GCC_WARN_UNDECLARED_SELECTOR = YES;
				GCC_WARN_UNINITIALIZED_AUTOS = YES_AGGRESSIVE;
				GCC_WARN_UNUSED_FUNCTION = YES;
				GCC_WARN_UNUSED_VARIABLE = YES;
				MTL_ENABLE_DEBUG_INFO = NO;
				MTL_FAST_MATH = YES;
				SWIFT_COMPILATION_MODE = wholemodule;
				SWIFT_OPTIMIZATION_LEVEL = "-O";
			};
			name = Release;
		};
		CDC965F82923438E00E959C0 /* Debug */ = {
			isa = XCBuildConfiguration;
			buildSettings = {
				ASSETCATALOG_COMPILER_APPICON_NAME = AppIcon;
				ASSETCATALOG_COMPILER_GLOBAL_ACCENT_COLOR_NAME = AccentColor;
				CODE_SIGN_ENTITLEMENTS = PUBLICGIRL/PUBLICGIRL.entitlements;
				CODE_SIGN_STYLE = Automatic;
				CURRENT_PROJECT_VERSION = 1;
				DEAD_CODE_STRIPPING = YES;
				DEVELOPMENT_ASSET_PATHS = "\"PUBLICGIRL/Preview Content\"";
				DEVELOPMENT_TEAM = X8SJ59XXC8;
				ENABLE_HARDENED_RUNTIME = YES;
				ENABLE_PREVIEWS = YES;
				GENERATE_INFOPLIST_FILE = YES;
				"INFOPLIST_KEY_UIApplicationSceneManifest_Generation[sdk=iphoneos*]" = YES;
				"INFOPLIST_KEY_UIApplicationSceneManifest_Generation[sdk=iphonesimulator*]" = YES;
				"INFOPLIST_KEY_UIApplicationSupportsIndirectInputEvents[sdk=iphoneos*]" = YES;
				"INFOPLIST_KEY_UIApplicationSupportsIndirectInputEvents[sdk=iphonesimulator*]" = YES;
				"INFOPLIST_KEY_UILaunchScreen_Generation[sdk=iphoneos*]" = YES;
				"INFOPLIST_KEY_UILaunchScreen_Generation[sdk=iphonesimulator*]" = YES;
				"INFOPLIST_KEY_UIStatusBarStyle[sdk=iphoneos*]" = UIStatusBarStyleDefault;
				"INFOPLIST_KEY_UIStatusBarStyle[sdk=iphonesimulator*]" = UIStatusBarStyleDefault;
				INFOPLIST_KEY_UISupportedInterfaceOrientations_iPad = "UIInterfaceOrientationPortrait UIInterfaceOrientationPortraitUpsideDown UIInterfaceOrientationLandscapeLeft UIInterfaceOrientationLandscapeRight";
				INFOPLIST_KEY_UISupportedInterfaceOrientations_iPhone = "UIInterfaceOrientationPortrait UIInterfaceOrientationLandscapeLeft UIInterfaceOrientationLandscapeRight";
				IPHONEOS_DEPLOYMENT_TARGET = 17.0;
				LD_RUNPATH_SEARCH_PATHS = "@executable_path/Frameworks";
				"LD_RUNPATH_SEARCH_PATHS[sdk=macosx*]" = "@executable_path/../Frameworks";
				MACOSX_DEPLOYMENT_TARGET = 14.0;
				MARKETING_VERSION = 1.0;
				PRODUCT_BUNDLE_IDENTIFIER = com.momolas.PUBLICGIRL;
				PRODUCT_NAME = "$(TARGET_NAME)";
				SDKROOT = auto;
				SUPPORTED_PLATFORMS = "iphoneos iphonesimulator macosx";
				SWIFT_EMIT_LOC_STRINGS = YES;
				SWIFT_VERSION = 5.0;
				TARGETED_DEVICE_FAMILY = "1,2";
			};
			name = Debug;
		};
		CDC965F92923438E00E959C0 /* Release */ = {
			isa = XCBuildConfiguration;
			buildSettings = {
				ASSETCATALOG_COMPILER_APPICON_NAME = AppIcon;
				ASSETCATALOG_COMPILER_GLOBAL_ACCENT_COLOR_NAME = AccentColor;
				CODE_SIGN_ENTITLEMENTS = PUBLICGIRL/PUBLICGIRL.entitlements;
				CODE_SIGN_STYLE = Automatic;
				CURRENT_PROJECT_VERSION = 1;
				DEAD_CODE_STRIPPING = YES;
				DEVELOPMENT_ASSET_PATHS = "\"PUBLICGIRL/Preview Content\"";
				DEVELOPMENT_TEAM = X8SJ59XXC8;
				ENABLE_HARDENED_RUNTIME = YES;
				ENABLE_PREVIEWS = YES;
				GENERATE_INFOPLIST_FILE = YES;
				"INFOPLIST_KEY_UIApplicationSceneManifest_Generation[sdk=iphoneos*]" = YES;
				"INFOPLIST_KEY_UIApplicationSceneManifest_Generation[sdk=iphonesimulator*]" = YES;
				"INFOPLIST_KEY_UIApplicationSupportsIndirectInputEvents[sdk=iphoneos*]" = YES;
				"INFOPLIST_KEY_UIApplicationSupportsIndirectInputEvents[sdk=iphonesimulator*]" = YES;
				"INFOPLIST_KEY_UILaunchScreen_Generation[sdk=iphoneos*]" = YES;
				"INFOPLIST_KEY_UILaunchScreen_Generation[sdk=iphonesimulator*]" = YES;
				"INFOPLIST_KEY_UIStatusBarStyle[sdk=iphoneos*]" = UIStatusBarStyleDefault;
				"INFOPLIST_KEY_UIStatusBarStyle[sdk=iphonesimulator*]" = UIStatusBarStyleDefault;
				INFOPLIST_KEY_UISupportedInterfaceOrientations_iPad = "UIInterfaceOrientationPortrait UIInterfaceOrientationPortraitUpsideDown UIInterfaceOrientationLandscapeLeft UIInterfaceOrientationLandscapeRight";
				INFOPLIST_KEY_UISupportedInterfaceOrientations_iPhone = "UIInterfaceOrientationPortrait UIInterfaceOrientationLandscapeLeft UIInterfaceOrientationLandscapeRight";
				IPHONEOS_DEPLOYMENT_TARGET = 17.0;
				LD_RUNPATH_SEARCH_PATHS = "@executable_path/Frameworks";
				"LD_RUNPATH_SEARCH_PATHS[sdk=macosx*]" = "@executable_path/../Frameworks";
				MACOSX_DEPLOYMENT_TARGET = 14.0;
				MARKETING_VERSION = 1.0;
				PRODUCT_BUNDLE_IDENTIFIER = com.momolas.PUBLICGIRL;
				PRODUCT_NAME = "$(TARGET_NAME)";
				SDKROOT = auto;
				SUPPORTED_PLATFORMS = "iphoneos iphonesimulator macosx";
				SWIFT_EMIT_LOC_STRINGS = YES;
				SWIFT_VERSION = 5.0;
				TARGETED_DEVICE_FAMILY = "1,2";
			};
			name = Release;
		};
/* End XCBuildConfiguration section */

/* Begin XCConfigurationList section */
		CDC965E32923438C00E959C0 /* Build configuration list for PBXProject "PUBLICGIRL" */ = {
			isa = XCConfigurationList;
			buildConfigurations = (
				CDC965F52923438E00E959C0 /* Debug */,
				CDC965F62923438E00E959C0 /* Release */,
			);
			defaultConfigurationIsVisible = 0;
			defaultConfigurationName = Release;
		};
		CDC965F72923438E00E959C0 /* Build configuration list for PBXNativeTarget "PUBLICGIRL" */ = {
			isa = XCConfigurationList;
			buildConfigurations = (
				CDC965F82923438E00E959C0 /* Debug */,
				CDC965F92923438E00E959C0 /* Release */,
			);
			defaultConfigurationIsVisible = 0;
			defaultConfigurationName = Release;
		};
/* End XCConfigurationList section */
	};
	rootObject = CDC965E02923438C00E959C0 /* Project object */;
}
